Microsoft Visual Studio Solution File, Format Version 12.00
# Visual Studio Version 17
VisualStudioVersion = 17.5.2.0
MinimumVisualStudioVersion = 10.0.40219.1
Project("{FAE04EC0-301F-11D3-BF4B-00C04F79EFBC}") = "AzureArchitecture", "AzureArchitecture.csproj", "{4F9B1C0D-2E5A-4D6A-8F1E-7E9E8B8F3A1C}"
EndProject
Global
	GlobalSection(SolutionConfigurationPlatforms) = preSolution
		Debug|Any CPU = Debug|Any CPU
		Release|Any CPU = Release|Any CPU
	EndGlobalSection
	GlobalSection(ProjectConfigurationPlatforms) = postSolution
		{4F9B1C0D-2E5A-4D6A-8F1E-7E9E8B8F3A1C}.Debug|Any CPU.ActiveCfg = Debug|Any CPU
		{4F9B1C0D-2E5A-4D6A-8F1E-7E9E8B8F3A1C}.Debug|Any CPU.Build.0 = Debug|Any CPU
		{4F9B1C0D-2E5A-4D6A-8F1E-7E9E8B8F3A1C}.Release|Any CPU.ActiveCfg = Release|Any CPU
		{4F9B1C0D-2E5A-4D6A-8F1E-7E9E8B8F3A1C}.Release|Any CPU.Build.0 = Release|Any CPU
	EndGlobalSection
	GlobalSection(SolutionProperties) = preSolution
		HideSolutionNode = FALSE
	EndGlobalSection
	GlobalSection(ExtensibilityGlobals) = postSolution
		SolutionGuid = {E9287499-D191-4F57-9A30-E70D87CA231E}
	EndGlobalSection
EndGlobal
